
Microsoft Visual Studio Solution File, Format Version 12.00
# Visual Studio Version 17
VisualStudioVersion = 17.7.34024.191
MinimumVisualStudioVersion = 10.0.40219.1
Project("{FAE04EC0-301F-11D3-BF4B-00C04F79EFBC}") = "Workaraound", "Workaraound\Workaraound.csproj", "{3E97FE29-E4F1-4E92-85E7-EA7A71626BAC}"
EndProject
Project("{FAE04EC0-301F-11D3-BF4B-00C04F79EFBC}") = "Entities", "Entities\Entities.csproj", "{7B2ABC8C-E875-41A5-8372-88023F4E593A}"
EndProject
Project("{FAE04EC0-301F-11D3-BF4B-00C04F79EFBC}") = "Business", "Business\Business.csproj", "{7C42ACB6-5239-4AED-92D1-94ECB7B5D0ED}"
EndProject
Global
	GlobalSection(SolutionConfigurationPlatforms) = preSolution
		Debug|Any CPU = Debug|Any CPU
		Release|Any CPU = Release|Any CPU
	EndGlobalSection
	GlobalSection(ProjectConfigurationPlatforms) = postSolution
		{3E97FE29-E4F1-4E92-85E7-EA7A71626BAC}.Debug|Any CPU.ActiveCfg = Debug|Any CPU
		{3E97FE29-E4F1-4E92-85E7-EA7A71626BAC}.Debug|Any CPU.Build.0 = Debug|Any CPU
		{3E97FE29-E4F1-4E92-85E7-EA7A71626BAC}.Release|Any CPU.ActiveCfg = Release|Any CPU
		{3E97FE29-E4F1-4E92-85E7-EA7A71626BAC}.Release|Any CPU.Build.0 = Release|Any CPU
		{7B2ABC8C-E875-41A5-8372-88023F4E593A}.Debug|Any CPU.ActiveCfg = Debug|Any CPU
		{7B2ABC8C-E875-41A5-8372-88023F4E593A}.Debug|Any CPU.Build.0 = Debug|Any CPU
		{7B2ABC8C-E875-41A5-8372-88023F4E593A}.Release|Any CPU.ActiveCfg = Release|Any CPU
		{7B2ABC8C-E875-41A5-8372-88023F4E593A}.Release|Any CPU.Build.0 = Release|Any CPU
		{7C42ACB6-5239-4AED-92D1-94ECB7B5D0ED}.Debug|Any CPU.ActiveCfg = Debug|Any CPU
		{7C42ACB6-5239-4AED-92D1-94ECB7B5D0ED}.Debug|Any CPU.Build.0 = Debug|Any CPU
		{7C42ACB6-5239-4AED-92D1-94ECB7B5D0ED}.Release|Any CPU.ActiveCfg = Release|Any CPU
		{7C42ACB6-5239-4AED-92D1-94ECB7B5D0ED}.Release|Any CPU.Build.0 = Release|Any CPU
	EndGlobalSection
	GlobalSection(SolutionProperties) = preSolution
		HideSolutionNode = FALSE
	EndGlobalSection
	GlobalSection(ExtensibilityGlobals) = postSolution
		SolutionGuid = {5C4AE834-EF97-4DBD-BCD1-C67F11C54C4F}
	EndGlobalSection
EndGlobal
